
Microsoft Visual Studio Solution File, Format Version 12.00
# Visual Studio Version 16
VisualStudioVersion = 16.0.31004.235
MinimumVisualStudioVersion = 10.0.40219.1
Project("{FAE04EC0-301F-11D3-BF4B-00C04F79EFBC}") = "RG.Ninja", "RG.Ninja\RG.Ninja.csproj", "{D4225877-5263-4C02-A818-46A661E81228}"
EndProject
Project("{2150E333-8FDC-42A3-9474-1A3956D46DE8}") = "Solution Items", "Solution Items", "{471C9F7E-0A72-4731-B5A0-E7CF5E81A450}"
	ProjectSection(SolutionItems) = preProject
		.editorconfig = .editorconfig
		Directory.Build.props = Directory.Build.props
		LICENSE = LICENSE
		README.md = README.md
	EndProjectSection
EndProject
Project("{FAE04EC0-301F-11D3-BF4B-00C04F79EFBC}") = "RG.NinjaTests", "RG.NinjaTests\RG.NinjaTests.csproj", "{3387F952-B95C-4E2E-9BBC-7A64008B3759}"
EndProject
Global
	GlobalSection(SolutionConfigurationPlatforms) = preSolution
		Debug|Any CPU = Debug|Any CPU
		Release|Any CPU = Release|Any CPU
	EndGlobalSection
	GlobalSection(ProjectConfigurationPlatforms) = postSolution
		{D4225877-5263-4C02-A818-46A661E81228}.Debug|Any CPU.ActiveCfg = Debug|Any CPU
		{D4225877-5263-4C02-A818-46A661E81228}.Debug|Any CPU.Build.0 = Debug|Any CPU
		{D4225877-5263-4C02-A818-46A661E81228}.Release|Any CPU.ActiveCfg = Release|Any CPU
		{D4225877-5263-4C02-A818-46A661E81228}.Release|Any CPU.Build.0 = Release|Any CPU
		{3387F952-B95C-4E2E-9BBC-7A64008B3759}.Debug|Any CPU.ActiveCfg = Debug|Any CPU
		{3387F952-B95C-4E2E-9BBC-7A64008B3759}.Debug|Any CPU.Build.0 = Debug|Any CPU
		{3387F952-B95C-4E2E-9BBC-7A64008B3759}.Release|Any CPU.ActiveCfg = Release|Any CPU
		{3387F952-B95C-4E2E-9BBC-7A64008B3759}.Release|Any CPU.Build.0 = Release|Any CPU
	EndGlobalSection
	GlobalSection(SolutionProperties) = preSolution
		HideSolutionNode = FALSE
	EndGlobalSection
	GlobalSection(ExtensibilityGlobals) = postSolution
		SolutionGuid = {206AF42B-6BBE-46C8-9C61-761B0EF28CE9}
	EndGlobalSection
EndGlobal
